
Microsoft Visual Studio Solution File, Format Version 12.00
# Visual Studio Version 17
VisualStudioVersion = 17.4.33110.190
MinimumVisualStudioVersion = 10.0.40219.1
Project("{FAE04EC0-301F-11D3-BF4B-00C04F79EFBC}") = "DevBoost", "DevBoost.csproj", "{9F4E75E3-D106-4DE7-8D13-47B1823D604F}"
EndProject
Global
	GlobalSection(SolutionConfigurationPlatforms) = preSolution
		Debug|Any CPU = Debug|Any CPU
		Release|Any CPU = Release|Any CPU
	EndGlobalSection
	GlobalSection(ProjectConfigurationPlatforms) = postSolution
		{9F4E75E3-D106-4DE7-8D13-47B1823D604F}.Debug|Any CPU.ActiveCfg = Debug|Any CPU
		{9F4E75E3-D106-4DE7-8D13-47B1823D604F}.Debug|Any CPU.Build.0 = Debug|Any CPU
		{9F4E75E3-D106-4DE7-8D13-47B1823D604F}.Release|Any CPU.ActiveCfg = Release|Any CPU
		{9F4E75E3-D106-4DE7-8D13-47B1823D604F}.Release|Any CPU.Build.0 = Release|Any CPU
	EndGlobalSection
	GlobalSection(SolutionProperties) = preSolution
		HideSolutionNode = FALSE
	EndGlobalSection
	GlobalSection(ExtensibilityGlobals) = postSolution
		SolutionGuid = {DCFAFAE8-E50E-431E-8296-C139A4E8F137}
	EndGlobalSection
EndGlobal
